
Microsoft Visual Studio Solution File, Format Version 12.00
# Visual Studio Version 16
VisualStudioVersion = 16.0.33529.622
MinimumVisualStudioVersion = 10.0.40219.1
Project("{FAE04EC0-301F-11D3-BF4B-00C04F79EFBC}") = "crazycola", "crazycola\crazycola.csproj", "{B54DBBA6-D74C-4786-849E-CEF5D3349519}"
EndProject
Global
	GlobalSection(SolutionConfigurationPlatforms) = preSolution
		Debug|Any CPU = Debug|Any CPU
		Release|Any CPU = Release|Any CPU
	EndGlobalSection
	GlobalSection(ProjectConfigurationPlatforms) = postSolution
		{B54DBBA6-D74C-4786-849E-CEF5D3349519}.Debug|Any CPU.ActiveCfg = Debug|Any CPU
		{B54DBBA6-D74C-4786-849E-CEF5D3349519}.Debug|Any CPU.Build.0 = Debug|Any CPU
		{B54DBBA6-D74C-4786-849E-CEF5D3349519}.Release|Any CPU.ActiveCfg = Release|Any CPU
		{B54DBBA6-D74C-4786-849E-CEF5D3349519}.Release|Any CPU.Build.0 = Release|Any CPU
	EndGlobalSection
	GlobalSection(SolutionProperties) = preSolution
		HideSolutionNode = FALSE
	EndGlobalSection
	GlobalSection(ExtensibilityGlobals) = postSolution
		SolutionGuid = {3230A4FE-B13F-4847-86E0-300F0F164D37}
	EndGlobalSection
EndGlobal
